
Microsoft Visual Studio Solution File, Format Version 12.00
# Visual Studio Version 17
VisualStudioVersion = 17.4.33122.133
MinimumVisualStudioVersion = 10.0.40219.1
Project("{9A19103F-16F7-4668-BE54-9A1E7A4F7556}") = "WebAPIsBascisHomework", "WebAPIsBascisHomework\WebAPIsBascisHomework.csproj", "{831A7AE9-EEE8-483A-955D-ACA9CFF1779D}"
EndProject
Global
	GlobalSection(SolutionConfigurationPlatforms) = preSolution
		Debug|Any CPU = Debug|Any CPU
		Release|Any CPU = Release|Any CPU
	EndGlobalSection
	GlobalSection(ProjectConfigurationPlatforms) = postSolution
		{831A7AE9-EEE8-483A-955D-ACA9CFF1779D}.Debug|Any CPU.ActiveCfg = Debug|Any CPU
		{831A7AE9-EEE8-483A-955D-ACA9CFF1779D}.Debug|Any CPU.Build.0 = Debug|Any CPU
		{831A7AE9-EEE8-483A-955D-ACA9CFF1779D}.Release|Any CPU.ActiveCfg = Release|Any CPU
		{831A7AE9-EEE8-483A-955D-ACA9CFF1779D}.Release|Any CPU.Build.0 = Release|Any CPU
	EndGlobalSection
	GlobalSection(SolutionProperties) = preSolution
		HideSolutionNode = FALSE
	EndGlobalSection
	GlobalSection(ExtensibilityGlobals) = postSolution
		SolutionGuid = {5C74E2B7-EA54-4AE4-A4F1-08D4259DB338}
	EndGlobalSection
EndGlobal
